{
  "name": "romaji2kana-api",
  "version": "1.0.0",
  "lockfileVersion": 3,
  "requires": true,
  "packages": {
    "": {
      "name": "romaji2kana-api",
      "version": "1.0.0",
      "license": "ISC",
      "dependencies": {
        "wanakana": "^5.1.0"
      }
    },
    "node_modules/wanakana": {
      "version": "5.3.1",
      "resolved": "https://registry.npmjs.org/wanakana/-/wanakana-5.3.1.tgz",
      "integrity": "sha512-OSDqupzTlzl2LGyqTdhcXcl6ezMiFhcUwLBP8YKaBIbMYW1wAwDvupw2T9G9oVaKT9RmaSpyTXjxddFPUcFFIw==",
      "engines": {
        "node": ">=12"
      }
    }
  }
}
