{
  "name": "romaji2kana-api",
  "version": "1.0.0",
  "lockfileVersion": 2,
  "requires": true,
  "packages": {
    "": {
      "name": "romaji2kana-api",
      "version": "1.0.0",
      "license": "ISC",
      "dependencies": {
        "wanakana": "^5.1.0"
      }
    },
    "node_modules/wanakana": {
      "version": "5.1.0",
      "resolved": "https://registry.npmjs.org/wanakana/-/wanakana-5.1.0.tgz",
      "integrity": "sha512-QJ5XNTqL5gM1JR2ikESMi+xKx16TIuZDynj6LagqK4YCWnRihtxprzCnVI1SappWI8RuiSAANGoePEV5pptiiQ==",
      "engines": {
        "node": ">=12"
      }
    }
  },
  "dependencies": {
    "wanakana": {
      "version": "5.1.0",
      "resolved": "https://registry.npmjs.org/wanakana/-/wanakana-5.1.0.tgz",
      "integrity": "sha512-QJ5XNTqL5gM1JR2ikESMi+xKx16TIuZDynj6LagqK4YCWnRihtxprzCnVI1SappWI8RuiSAANGoePEV5pptiiQ=="
    }
  }
}
